// !$*UTF8*$!
{
	archiveVersion = 1;
	classes = {
	};
	objectVersion = 50;
	objects = {

/* Begin PBXBuildFile section */
		57C4B36E26AF07F500482FAA /* MyFirstSwiftUIApp.swift in Sources */ = {isa = PBXBuildFile; fileRef = 57C4B36D26AF07F500482FAA /* MyFirstSwiftUIApp.swift */; };
		57C4B37026AF07F500482FAA /* ContentView.swift in Sources */ = {isa = PBXBuildFile; fileRef = 57C4B36F26AF07F500482FAA /* ContentView.swift */; };
		57C4B37226AF07F700482FAA /* Assets.xcassets in Resources */ = {isa = PBXBuildFile; fileRef = 57C4B37126AF07F700482FAA /* Assets.xcassets */; };
		57C4B37526AF07F700482FAA /* Preview Assets.xcassets in Resources */ = {isa = PBXBuildFile; fileRef = 57C4B37426AF07F700482FAA /* Preview Assets.xcassets */; };
		57C4B38026AF07F700482FAA /* MyFirstSwiftUITests.swift in Sources */ = {isa = PBXBuildFile; fileRef = 57C4B37F26AF07F700482FAA /* MyFirstSwiftUITests.swift */; };
		57C4B38B26AF07F800482FAA /* MyFirstSwiftUIUITests.swift in Sources */ = {isa = PBXBuildFile; fileRef = 57C4B38A26AF07F800482FAA /* MyFirstSwiftUIUITests.swift */; };
/* End PBXBuildFile section */

/* Begin PBXContainerItemProxy section */
		57C4B37C26AF07F700482FAA /* PBXContainerItemProxy */ = {
			isa = PBXContainerItemProxy;
			containerPortal = 57C4B36226AF07F500482FAA /* Project object */;
			proxyType = 1;
			remoteGlobalIDString = 57C4B36926AF07F500482FAA;
			remoteInfo = MyFirstSwiftUI;
		};
		57C4B38726AF07F800482FAA /* PBXContainerItemProxy */ = {
			isa = PBXContainerItemProxy;
			containerPortal = 57C4B36226AF07F500482FAA /* Project object */;
			proxyType = 1;
			remoteGlobalIDString = 57C4B36926AF07F500482FAA;
			remoteInfo = MyFirstSwiftUI;
		};
/* End PBXContainerItemProxy section */

/* Begin PBXFileReference section */
		57C4B36A26AF07F500482FAA /* MyFirstSwiftUI.app */ = {isa = PBXFileReference; explicitFileType = wrapper.application; includeInIndex = 0; path = MyFirstSwiftUI.app; sourceTree = BUILT_PRODUCTS_DIR; };
		57C4B36D26AF07F500482FAA /* MyFirstSwiftUIApp.swift */ = {isa = PBXFileReference; lastKnownFileType = sourcecode.swift; path = MyFirstSwiftUIApp.swift; sourceTree = "<group>"; };
		57C4B36F26AF07F500482FAA /* ContentView.swift */ = {isa = PBXFileReference; lastKnownFileType = sourcecode.swift; path = ContentView.swift; sourceTree = "<group>"; };
		57C4B37126AF07F700482FAA /* Assets.xcassets */ = {isa = PBXFileReference; lastKnownFileType = folder.assetcatalog; path = Assets.xcassets; sourceTree = "<group>"; };
		57C4B37426AF07F700482FAA /* Preview Assets.xcassets */ = {isa = PBXFileReference; lastKnownFileType = folder.assetcatalog; path = "Preview Assets.xcassets"; sourceTree = "<group>"; };
		57C4B37626AF07F700482FAA /* Info.plist */ = {isa = PBXFileReference; lastKnownFileType = text.plist.xml; path = Info.plist; sourceTree = "<group>"; };
		57C4B37B26AF07F700482FAA /* MyFirstSwiftUITests.xctest */ = {isa = PBXFileReference; explicitFileType = wrapper.cfbundle; includeInIndex = 0; path = MyFirstSwiftUITests.xctest; sourceTree = BUILT_PRODUCTS_DIR; };
		57C4B37F26AF07F700482FAA /* MyFirstSwiftUITests.swift */ = {isa = PBXFileReference; lastKnownFileType = sourcecode.swift; path = MyFirstSwiftUITests.swift; sourceTree = "<group>"; };
		57C4B38126AF07F700482FAA /* Info.plist */ = {isa = PBXFileReference; lastKnownFileType = text.plist.xml; path = Info.plist; sourceTree = "<group>"; };
		57C4B38626AF07F800482FAA /* MyFirstSwiftUIUITests.xctest */ = {isa = PBXFileReference; explicitFileType = wrapper.cfbundle; includeInIndex = 0; path = MyFirstSwiftUIUITests.xctest; sourceTree = BUILT_PRODUCTS_DIR; };
		57C4B38A26AF07F800482FAA /* MyFirstSwiftUIUITests.swift */ = {isa = PBXFileReference; lastKnownFileType = sourcecode.swift; path = MyFirstSwiftUIUITests.swift; sourceTree = "<group>"; };
		57C4B38C26AF07F800482FAA /* Info.plist */ = {isa = PBXFileReference; lastKnownFileType = text.plist.xml; path = Info.plist; sourceTree = "<group>"; };
/* End PBXFileReference section */

/* Begin PBXFrameworksBuildPhase section */
		57C4B36726AF07F500482FAA /* Frameworks */ = {
			isa = PBXFrameworksBuildPhase;
			buildActionMask = 2147483647;
			files = (
			);
			runOnlyForDeploymentPostprocessing = 0;
		};
		57C4B37826AF07F700482FAA /* Frameworks */ = {
			isa = PBXFrameworksBuildPhase;
			buildActionMask = 2147483647;
			files = (
			);
			runOnlyForDeploymentPostprocessing = 0;
		};
		57C4B38326AF07F800482FAA /* Frameworks */ = {
			isa = PBXFrameworksBuildPhase;
			buildActionMask = 2147483647;
			files = (
			);
			runOnlyForDeploymentPostprocessing = 0;
		};
/* End PBXFrameworksBuildPhase section */

/* Begin PBXGroup section */
		57C4B36126AF07F500482FAA = {
			isa = PBXGroup;
			children = (
				57C4B36C26AF07F500482FAA /* MyFirstSwiftUI */,
				57C4B37E26AF07F700482FAA /* MyFirstSwiftUITests */,
				57C4B38926AF07F800482FAA /* MyFirstSwiftUIUITests */,
				57C4B36B26AF07F500482FAA /* Products */,
			);
			sourceTree = "<group>";
		};
		57C4B36B26AF07F500482FAA /* Products */ = {
			isa = PBXGroup;
			children = (
				57C4B36A26AF07F500482FAA /* MyFirstSwiftUI.app */,
				57C4B37B26AF07F700482FAA /* MyFirstSwiftUITests.xctest */,
				57C4B38626AF07F800482FAA /* MyFirstSwiftUIUITests.xctest */,
			);
			name = Products;
			sourceTree = "<group>";
		};
		57C4B36C26AF07F500482FAA /* MyFirstSwiftUI */ = {
			isa = PBXGroup;
			children = (
				57C4B36D26AF07F500482FAA /* MyFirstSwiftUIApp.swift */,
				57C4B36F26AF07F500482FAA /* ContentView.swift */,
				57C4B37126AF07F700482FAA /* Assets.xcassets */,
				57C4B37626AF07F700482FAA /* Info.plist */,
				57C4B37326AF07F700482FAA /* Preview Content */,
			);
			path = MyFirstSwiftUI;
			sourceTree = "<group>";
		};
		57C4B37326AF07F700482FAA /* Preview Content */ = {
			isa = PBXGroup;
			children = (
				57C4B37426AF07F700482FAA /* Preview Assets.xcassets */,
			);
			path = "Preview Content";
			sourceTree = "<group>";
		};
		57C4B37E26AF07F700482FAA /* MyFirstSwiftUITests */ = {
			isa = PBXGroup;
			children = (
				57C4B37F26AF07F700482FAA /* MyFirstSwiftUITests.swift */,
				57C4B38126AF07F700482FAA /* Info.plist */,
			);
			path = MyFirstSwiftUITests;
			sourceTree = "<group>";
		};
		57C4B38926AF07F800482FAA /* MyFirstSwiftUIUITests */ = {
			isa = PBXGroup;
			children = (
				57C4B38A26AF07F800482FAA /* MyFirstSwiftUIUITests.swift */,
				57C4B38C26AF07F800482FAA /* Info.plist */,
			);
			path = MyFirstSwiftUIUITests;
			sourceTree = "<group>";
		};
/* End PBXGroup section */

/* Begin PBXNativeTarget section */
		57C4B36926AF07F500482FAA /* MyFirstSwiftUI */ = {
			isa = PBXNativeTarget;
			buildConfigurationList = 57C4B38F26AF07F800482FAA /* Build configuration list for PBXNativeTarget "MyFirstSwiftUI" */;
			buildPhases = (
				57C4B36626AF07F500482FAA /* Sources */,
				57C4B36726AF07F500482FAA /* Frameworks */,
				57C4B36826AF07F500482FAA /* Resources */,
			);
			buildRules = (
			);
			dependencies = (
			);
			name = MyFirstSwiftUI;
			productName = MyFirstSwiftUI;
			productReference = 57C4B36A26AF07F500482FAA /* MyFirstSwiftUI.app */;
			productType = "com.apple.product-type.application";
		};
		57C4B37A26AF07F700482FAA /* MyFirstSwiftUITests */ = {
			isa = PBXNativeTarget;
			buildConfigurationList = 57C4B39226AF07F800482FAA /* Build configuration list for PBXNativeTarget "MyFirstSwiftUITests" */;
			buildPhases = (
				57C4B37726AF07F700482FAA /* Sources */,
				57C4B37826AF07F700482FAA /* Frameworks */,
				57C4B37926AF07F700482FAA /* Resources */,
			);
			buildRules = (
			);
			dependencies = (
				57C4B37D26AF07F700482FAA /* PBXTargetDependency */,
			);
			name = MyFirstSwiftUITests;
			productName = MyFirstSwiftUITests;
			productReference = 57C4B37B26AF07F700482FAA /* MyFirstSwiftUITests.xctest */;
			productType = "com.apple.product-type.bundle.unit-test";
		};
		57C4B38526AF07F800482FAA /* MyFirstSwiftUIUITests */ = {
			isa = PBXNativeTarget;
			buildConfigurationList = 57C4B39526AF07F800482FAA /* Build configuration list for PBXNativeTarget "MyFirstSwiftUIUITests" */;
			buildPhases = (
				57C4B38226AF07F800482FAA /* Sources */,
				57C4B38326AF07F800482FAA /* Frameworks */,
				57C4B38426AF07F800482FAA /* Resources */,
			);
			buildRules = (
			);
			dependencies = (
				57C4B38826AF07F800482FAA /* PBXTargetDependency */,
			);
			name = MyFirstSwiftUIUITests;
			productName = MyFirstSwiftUIUITests;
			productReference = 57C4B38626AF07F800482FAA /* MyFirstSwiftUIUITests.xctest */;
			productType = "com.apple.product-type.bundle.ui-testing";
		};
/* End PBXNativeTarget section */

/* Begin PBXProject section */
		57C4B36226AF07F500482FAA /* Project object */ = {
			isa = PBXProject;
			attributes = {
				LastSwiftUpdateCheck = 1250;
				LastUpgradeCheck = 1250;
				TargetAttributes = {
					57C4B36926AF07F500482FAA = {
						CreatedOnToolsVersion = 12.5.1;
					};
					57C4B37A26AF07F700482FAA = {
						CreatedOnToolsVersion = 12.5.1;
						TestTargetID = 57C4B36926AF07F500482FAA;
					};
					57C4B38526AF07F800482FAA = {
						CreatedOnToolsVersion = 12.5.1;
						TestTargetID = 57C4B36926AF07F500482FAA;
					};
				};
			};
			buildConfigurationList = 57C4B36526AF07F500482FAA /* Build configuration list for PBXProject "MyFirstSwiftUI" */;
			compatibilityVersion = "Xcode 9.3";
			developmentRegion = en;
			hasScannedForEncodings = 0;
			knownRegions = (
				en,
				Base,
			);
			mainGroup = 57C4B36126AF07F500482FAA;
			productRefGroup = 57C4B36B26AF07F500482FAA /* Products */;
			projectDirPath = "";
			projectRoot = "";
			targets = (
				57C4B36926AF07F500482FAA /* MyFirstSwiftUI */,
				57C4B37A26AF07F700482FAA /* MyFirstSwiftUITests */,
				57C4B38526AF07F800482FAA /* MyFirstSwiftUIUITests */,
			);
		};
/* End PBXProject section */

/* Begin PBXResourcesBuildPhase section */
		57C4B36826AF07F500482FAA /* Resources */ = {
			isa = PBXResourcesBuildPhase;
			buildActionMask = 2147483647;
			files = (
				57C4B37526AF07F700482FAA /* Preview Assets.xcassets in Resources */,
				57C4B37226AF07F700482FAA /* Assets.xcassets in Resources */,
			);
			runOnlyForDeploymentPostprocessing = 0;
		};
		57C4B37926AF07F700482FAA /* Resources */ = {
			isa = PBXResourcesBuildPhase;
			buildActionMask = 2147483647;
			files = (
			);
			runOnlyForDeploymentPostprocessing = 0;
		};
		57C4B38426AF07F800482FAA /* Resources */ = {
			isa = PBXResourcesBuildPhase;
			buildActionMask = 2147483647;
			files = (
			);
			runOnlyForDeploymentPostprocessing = 0;
		};
/* End PBXResourcesBuildPhase section */

/* Begin PBXSourcesBuildPhase section */
		57C4B36626AF07F500482FAA /* Sources */ = {
			isa = PBXSourcesBuildPhase;
			buildActionMask = 2147483647;
			files = (
				57C4B37026AF07F500482FAA /* ContentView.swift in Sources */,
				57C4B36E26AF07F500482FAA /* MyFirstSwiftUIApp.swift in Sources */,
			);
			runOnlyForDeploymentPostprocessing = 0;
		};
		57C4B37726AF07F700482FAA /* Sources */ = {
			isa = PBXSourcesBuildPhase;
			buildActionMask = 2147483647;
			files = (
				57C4B38026AF07F700482FAA /* MyFirstSwiftUITests.swift in Sources */,
			);
			runOnlyForDeploymentPostprocessing = 0;
		};
		57C4B38226AF07F800482FAA /* Sources */ = {
			isa = PBXSourcesBuildPhase;
			buildActionMask = 2147483647;
			files = (
				57C4B38B26AF07F800482FAA /* MyFirstSwiftUIUITests.swift in Sources */,
			);
			runOnlyForDeploymentPostprocessing = 0;
		};
/* End PBXSourcesBuildPhase section */

/* Begin PBXTargetDependency section */
		57C4B37D26AF07F700482FAA /* PBXTargetDependency */ = {
			isa = PBXTargetDependency;
			target = 57C4B36926AF07F500482FAA /* MyFirstSwiftUI */;
			targetProxy = 57C4B37C26AF07F700482FAA /* PBXContainerItemProxy */;
		};
		57C4B38826AF07F800482FAA /* PBXTargetDependency */ = {
			isa = PBXTargetDependency;
			target = 57C4B36926AF07F500482FAA /* MyFirstSwiftUI */;
			targetProxy = 57C4B38726AF07F800482FAA /* PBXContainerItemProxy */;
		};
/* End PBXTargetDependency section */

/* Begin XCBuildConfiguration section */
		57C4B38D26AF07F800482FAA /* Debug */ = {
			isa = XCBuildConfiguration;
			buildSettings = {
				ALWAYS_SEARCH_USER_PATHS = NO;
				CLANG_ANALYZER_NONNULL = YES;
				CLANG_ANALYZER_NUMBER_OBJECT_CONVERSION = YES_AGGRESSIVE;
				CLANG_CXX_LANGUAGE_STANDARD = "gnu++14";
				CLANG_CXX_LIBRARY = "libc++";
				CLANG_ENABLE_MODULES = YES;
				CLANG_ENABLE_OBJC_ARC = YES;
				CLANG_ENABLE_OBJC_WEAK = YES;
				CLANG_WARN_BLOCK_CAPTURE_AUTORELEASING = YES;
				CLANG_WARN_BOOL_CONVERSION = YES;
				CLANG_WARN_COMMA = YES;
				CLANG_WARN_CONSTANT_CONVERSION = YES;
				CLANG_WARN_DEPRECATED_OBJC_IMPLEMENTATIONS = YES;
				CLANG_WARN_DIRECT_OBJC_ISA_USAGE = YES_ERROR;
				CLANG_WARN_DOCUMENTATION_COMMENTS = YES;
				CLANG_WARN_EMPTY_BODY = YES;
				CLANG_WARN_ENUM_CONVERSION = YES;
				CLANG_WARN_INFINITE_RECURSION = YES;
				CLANG_WARN_INT_CONVERSION = YES;
				CLANG_WARN_NON_LITERAL_NULL_CONVERSION = YES;
				CLANG_WARN_OBJC_IMPLICIT_RETAIN_SELF = YES;
				CLANG_WARN_OBJC_LITERAL_CONVERSION = YES;
				CLANG_WARN_OBJC_ROOT_CLASS = YES_ERROR;
				CLANG_WARN_QUOTED_INCLUDE_IN_FRAMEWORK_HEADER = YES;
				CLANG_WARN_RANGE_LOOP_ANALYSIS = YES;
				CLANG_WARN_STRICT_PROTOTYPES = YES;
				CLANG_WARN_SUSPICIOUS_MOVE = YES;
				CLANG_WARN_UNGUARDED_AVAILABILITY = YES_AGGRESSIVE;
				CLANG_WARN_UNREACHABLE_CODE = YES;
				CLANG_WARN__DUPLICATE_METHOD_MATCH = YES;
				COPY_PHASE_STRIP = NO;
				DEBUG_INFORMATION_FORMAT = dwarf;
				ENABLE_STRICT_OBJC_MSGSEND = YES;
				ENABLE_TESTABILITY = YES;
				GCC_C_LANGUAGE_STANDARD = gnu11;
				GCC_DYNAMIC_NO_PIC = NO;
				GCC_NO_COMMON_BLOCKS = YES;
				GCC_OPTIMIZATION_LEVEL = 0;
				GCC_PREPROCESSOR_DEFINITIONS = (
					"DEBUG=1",
					"$(inherited)",
				);
				GCC_WARN_64_TO_32_BIT_CONVERSION = YES;
				GCC_WARN_ABOUT_RETURN_TYPE = YES_ERROR;
				GCC_WARN_UNDECLARED_SELECTOR = YES;
				GCC_WARN_UNINITIALIZED_AUTOS = YES_AGGRESSIVE;
				GCC_WARN_UNUSED_FUNCTION = YES;
				GCC_WARN_UNUSED_VARIABLE = YES;
				IPHONEOS_DEPLOYMENT_TARGET = 14.5;
				MTL_ENABLE_DEBUG_INFO = INCLUDE_SOURCE;
				MTL_FAST_MATH = YES;
				ONLY_ACTIVE_ARCH = YES;
				SDKROOT = iphoneos;
				SWIFT_ACTIVE_COMPILATION_CONDITIONS = DEBUG;
				SWIFT_OPTIMIZATION_LEVEL = "-Onone";
			};
			name = Debug;
		};
		57C4B38E26AF07F800482FAA /* Release */ = {
			isa = XCBuildConfiguration;
			buildSettings = {
				ALWAYS_SEARCH_USER_PATHS = NO;
				CLANG_ANALYZER_NONNULL = YES;
				CLANG_ANALYZER_NUMBER_OBJECT_CONVERSION = YES_AGGRESSIVE;
				CLANG_CXX_LANGUAGE_STANDARD = "gnu++14";
				CLANG_CXX_LIBRARY = "libc++";
				CLANG_ENABLE_MODULES = YES;
				CLANG_ENABLE_OBJC_ARC = YES;
				CLANG_ENABLE_OBJC_WEAK = YES;
				CLANG_WARN_BLOCK_CAPTURE_AUTORELEASING = YES;
				CLANG_WARN_BOOL_CONVERSION = YES;
				CLANG_WARN_COMMA = YES;
				CLANG_WARN_CONSTANT_CONVERSION = YES;
				CLANG_WARN_DEPRECATED_OBJC_IMPLEMENTATIONS = YES;
				CLANG_WARN_DIRECT_OBJC_ISA_USAGE = YES_ERROR;
				CLANG_WARN_DOCUMENTATION_COMMENTS = YES;
				CLANG_WARN_EMPTY_BODY = YES;
				CLANG_WARN_ENUM_CONVERSION = YES;
				CLANG_WARN_INFINITE_RECURSION = YES;
				CLANG_WARN_INT_CONVERSION = YES;
				CLANG_WARN_NON_LITERAL_NULL_CONVERSION = YES;
				CLANG_WARN_OBJC_IMPLICIT_RETAIN_SELF = YES;
				CLANG_WARN_OBJC_LITERAL_CONVERSION = YES;
				CLANG_WARN_OBJC_ROOT_CLASS = YES_ERROR;
				CLANG_WARN_QUOTED_INCLUDE_IN_FRAMEWORK_HEADER = YES;
				CLANG_WARN_RANGE_LOOP_ANALYSIS = YES;
				CLANG_WARN_STRICT_PROTOTYPES = YES;
				CLANG_WARN_SUSPICIOUS_MOVE = YES;
				CLANG_WARN_UNGUARDED_AVAILABILITY = YES_AGGRESSIVE;
				CLANG_WARN_UNREACHABLE_CODE = YES;
				CLANG_WARN__DUPLICATE_METHOD_MATCH = YES;
				COPY_PHASE_STRIP = NO;
				DEBUG_INFORMATION_FORMAT = "dwarf-with-dsym";
				ENABLE_NS_ASSERTIONS = NO;
				ENABLE_STRICT_OBJC_MSGSEND = YES;
				GCC_C_LANGUAGE_STANDARD = gnu11;
				GCC_NO_COMMON_BLOCKS = YES;
				GCC_WARN_64_TO_32_BIT_CONVERSION = YES;
				GCC_WARN_ABOUT_RETURN_TYPE = YES_ERROR;
				GCC_WARN_UNDECLARED_SELECTOR = YES;
				GCC_WARN_UNINITIALIZED_AUTOS = YES_AGGRESSIVE;
				GCC_WARN_UNUSED_FUNCTION = YES;
				GCC_WARN_UNUSED_VARIABLE = YES;
				IPHONEOS_DEPLOYMENT_TARGET = 14.5;
				MTL_ENABLE_DEBUG_INFO = NO;
				MTL_FAST_MATH = YES;
				SDKROOT = iphoneos;
				SWIFT_COMPILATION_MODE = wholemodule;
				SWIFT_OPTIMIZATION_LEVEL = "-O";
				VALIDATE_PRODUCT = YES;
			};
			name = Release;
		};
		57C4B39026AF07F800482FAA /* Debug */ = {
			isa = XCBuildConfiguration;
			buildSettings = {
				ASSETCATALOG_COMPILER_APPICON_NAME = AppIcon;
				ASSETCATALOG_COMPILER_GLOBAL_ACCENT_COLOR_NAME = AccentColor;
				CODE_SIGN_STYLE = Automatic;
				DEVELOPMENT_ASSET_PATHS = "\"MyFirstSwiftUI/Preview Content\"";
				ENABLE_PREVIEWS = YES;
				INFOPLIST_FILE = MyFirstSwiftUI/Info.plist;
				IPHONEOS_DEPLOYMENT_TARGET = 14.0;
				LD_RUNPATH_SEARCH_PATHS = (
					"$(inherited)",
					"@executable_path/Frameworks",
				);
				PRODUCT_BUNDLE_IDENTIFIER = com.ugurnarman.myfirstswiftui.MyFirstSwiftUI;
				PRODUCT_NAME = "$(TARGET_NAME)";
				SWIFT_VERSION = 5.0;
				TARGETED_DEVICE_FAMILY = "1,2";
			};
			name = Debug;
		};
		57C4B39126AF07F800482FAA /* Release */ = {
			isa = XCBuildConfiguration;
			buildSettings = {
				ASSETCATALOG_COMPILER_APPICON_NAME = AppIcon;
				ASSETCATALOG_COMPILER_GLOBAL_ACCENT_COLOR_NAME = AccentColor;
				CODE_SIGN_STYLE = Automatic;
				DEVELOPMENT_ASSET_PATHS = "\"MyFirstSwiftUI/Preview Content\"";
				ENABLE_PREVIEWS = YES;
				INFOPLIST_FILE = MyFirstSwiftUI/Info.plist;
				IPHONEOS_DEPLOYMENT_TARGET = 14.0;
				LD_RUNPATH_SEARCH_PATHS = (
					"$(inherited)",
					"@executable_path/Frameworks",
				);
				PRODUCT_BUNDLE_IDENTIFIER = com.ugurnarman.myfirstswiftui.MyFirstSwiftUI;
				PRODUCT_NAME = "$(TARGET_NAME)";
				SWIFT_VERSION = 5.0;
				TARGETED_DEVICE_FAMILY = "1,2";
			};
			name = Release;
		};
		57C4B39326AF07F800482FAA /* Debug */ = {
			isa = XCBuildConfiguration;
			buildSettings = {
				ALWAYS_EMBED_SWIFT_STANDARD_LIBRARIES = YES;
				BUNDLE_LOADER = "$(TEST_HOST)";
				CODE_SIGN_STYLE = Automatic;
				INFOPLIST_FILE = MyFirstSwiftUITests/Info.plist;
				IPHONEOS_DEPLOYMENT_TARGET = 14.0;
				LD_RUNPATH_SEARCH_PATHS = (
					"$(inherited)",
					"@executable_path/Frameworks",
					"@loader_path/Frameworks",
				);
				PRODUCT_BUNDLE_IDENTIFIER = com.ugurnarman.myfirstswiftui.MyFirstSwiftUITests;
				PRODUCT_NAME = "$(TARGET_NAME)";
				SWIFT_VERSION = 5.0;
				TARGETED_DEVICE_FAMILY = "1,2";
				TEST_HOST = "$(BUILT_PRODUCTS_DIR)/MyFirstSwiftUI.app/MyFirstSwiftUI";
			};
			name = Debug;
		};
		57C4B39426AF07F800482FAA /* Release */ = {
			isa = XCBuildConfiguration;
			buildSettings = {
				ALWAYS_EMBED_SWIFT_STANDARD_LIBRARIES = YES;
				BUNDLE_LOADER = "$(TEST_HOST)";
				CODE_SIGN_STYLE = Automatic;
				INFOPLIST_FILE = MyFirstSwiftUITests/Info.plist;
				IPHONEOS_DEPLOYMENT_TARGET = 14.0;
				LD_RUNPATH_SEARCH_PATHS = (
					"$(inherited)",
					"@executable_path/Frameworks",
					"@loader_path/Frameworks",
				);
				PRODUCT_BUNDLE_IDENTIFIER = com.ugurnarman.myfirstswiftui.MyFirstSwiftUITests;
				PRODUCT_NAME = "$(TARGET_NAME)";
				SWIFT_VERSION = 5.0;
				TARGETED_DEVICE_FAMILY = "1,2";
				TEST_HOST = "$(BUILT_PRODUCTS_DIR)/MyFirstSwiftUI.app/MyFirstSwiftUI";
			};
			name = Release;
		};
		57C4B39626AF07F800482FAA /* Debug */ = {
			isa = XCBuildConfiguration;
			buildSettings = {
				ALWAYS_EMBED_SWIFT_STANDARD_LIBRARIES = YES;
				CODE_SIGN_STYLE = Automatic;
				INFOPLIST_FILE = MyFirstSwiftUIUITests/Info.plist;
				LD_RUNPATH_SEARCH_PATHS = (
					"$(inherited)",
					"@executable_path/Frameworks",
					"@loader_path/Frameworks",
				);
				PRODUCT_BUNDLE_IDENTIFIER = com.ugurnarman.myfirstswiftui.MyFirstSwiftUIUITests;
				PRODUCT_NAME = "$(TARGET_NAME)";
				SWIFT_VERSION = 5.0;
				TARGETED_DEVICE_FAMILY = "1,2";
				TEST_TARGET_NAME = MyFirstSwiftUI;
			};
			name = Debug;
		};
		57C4B39726AF07F800482FAA /* Release */ = {
			isa = XCBuildConfiguration;
			buildSettings = {
				ALWAYS_EMBED_SWIFT_STANDARD_LIBRARIES = YES;
				CODE_SIGN_STYLE = Automatic;
				INFOPLIST_FILE = MyFirstSwiftUIUITests/Info.plist;
				LD_RUNPATH_SEARCH_PATHS = (
					"$(inherited)",
					"@executable_path/Frameworks",
					"@loader_path/Frameworks",
				);
				PRODUCT_BUNDLE_IDENTIFIER = com.ugurnarman.myfirstswiftui.MyFirstSwiftUIUITests;
				PRODUCT_NAME = "$(TARGET_NAME)";
				SWIFT_VERSION = 5.0;
				TARGETED_DEVICE_FAMILY = "1,2";
				TEST_TARGET_NAME = MyFirstSwiftUI;
			};
			name = Release;
		};
/* End XCBuildConfiguration section */

/* Begin XCConfigurationList section */
		57C4B36526AF07F500482FAA /* Build configuration list for PBXProject "MyFirstSwiftUI" */ = {
			isa = XCConfigurationList;
			buildConfigurations = (
				57C4B38D26AF07F800482FAA /* Debug */,
				57C4B38E26AF07F800482FAA /* Release */,
			);
			defaultConfigurationIsVisible = 0;
			defaultConfigurationName = Release;
		};
		57C4B38F26AF07F800482FAA /* Build configuration list for PBXNativeTarget "MyFirstSwiftUI" */ = {
			isa = XCConfigurationList;
			buildConfigurations = (
				57C4B39026AF07F800482FAA /* Debug */,
				57C4B39126AF07F800482FAA /* Release */,
			);
			defaultConfigurationIsVisible = 0;
			defaultConfigurationName = Release;
		};
		57C4B39226AF07F800482FAA /* Build configuration list for PBXNativeTarget "MyFirstSwiftUITests" */ = {
			isa = XCConfigurationList;
			buildConfigurations = (
				57C4B39326AF07F800482FAA /* Debug */,
				57C4B39426AF07F800482FAA /* Release */,
			);
			defaultConfigurationIsVisible = 0;
			defaultConfigurationName = Release;
		};
		57C4B39526AF07F800482FAA /* Build configuration list for PBXNativeTarget "MyFirstSwiftUIUITests" */ = {
			isa = XCConfigurationList;
			buildConfigurations = (
				57C4B39626AF07F800482FAA /* Debug */,
				57C4B39726AF07F800482FAA /* Release */,
			);
			defaultConfigurationIsVisible = 0;
			defaultConfigurationName = Release;
		};
/* End XCConfigurationList section */
	};
	rootObject = 57C4B36226AF07F500482FAA /* Project object */;
}
